
Microsoft Visual Studio Solution File, Format Version 12.00
# Visual Studio Version 16
VisualStudioVersion = 16.0.31729.503
MinimumVisualStudioVersion = 10.0.40219.1
Project("{FAE04EC0-301F-11D3-BF4B-00C04F79EFBC}") = "BubbleShort", "BubbleShort\BubbleShort.csproj", "{9098DF94-1994-4AB9-84C3-9F514CE7E584}"
EndProject
Global
	GlobalSection(SolutionConfigurationPlatforms) = preSolution
		Debug|Any CPU = Debug|Any CPU
		Release|Any CPU = Release|Any CPU
	EndGlobalSection
	GlobalSection(ProjectConfigurationPlatforms) = postSolution
		{9098DF94-1994-4AB9-84C3-9F514CE7E584}.Debug|Any CPU.ActiveCfg = Debug|Any CPU
		{9098DF94-1994-4AB9-84C3-9F514CE7E584}.Debug|Any CPU.Build.0 = Debug|Any CPU
		{9098DF94-1994-4AB9-84C3-9F514CE7E584}.Release|Any CPU.ActiveCfg = Release|Any CPU
		{9098DF94-1994-4AB9-84C3-9F514CE7E584}.Release|Any CPU.Build.0 = Release|Any CPU
	EndGlobalSection
	GlobalSection(SolutionProperties) = preSolution
		HideSolutionNode = FALSE
	EndGlobalSection
	GlobalSection(ExtensibilityGlobals) = postSolution
		SolutionGuid = {43CABF21-8BF8-4818-A5E9-484EB173429C}
	EndGlobalSection
EndGlobal
